PODS:
  - ActionSheetPicker-3.0 (2.2.0)
  - AFNetworking (3.1.0):
    - AFNetworking/NSURLSession (= 3.1.0)
    - AFNetworking/Reachability (= 3.1.0)
    - AFNetworking/Security (= 3.1.0)
    - AFNetworking/Serialization (= 3.1.0)
    - AFNetworking/UIKit (= 3.1.0)
  - AFNetworking/NSURLSession (3.1.0):
    - AFNetworking/Reachability
    - AFNetworking/Security
    - AFNetworking/Serialization
  - AFNetworking/Reachability (3.1.0)
  - AFNetworking/Security (3.1.0)
  - AFNetworking/Serialization (3.1.0)
  - AFNetworking/UIKit (3.1.0):
    - AFNetworking/NSURLSession
  - Bolts (1.7.0):
    - Bolts/AppLinks (= 1.7.0)
    - Bolts/Tasks (= 1.7.0)
  - Bolts/AppLinks (1.7.0):
    - Bolts/Tasks
  - Bolts/Tasks (1.7.0)
  - Crashlytics (3.7.2):
    - Fabric (~> 1.6.3)
  - Fabric (1.6.7)
  - FBSDKCoreKit (4.13.1):
    - Bolts (~> 1.7)
  - FBSDKLoginKit (4.13.1):
    - FBSDKCoreKit
  - FBSDKShareKit (4.13.1):
    - FBSDKCoreKit
  - IQKeyboardManagerSwift (4.0.8)
  - KeychainItemWrapper (1.2)
  - PopupDialog (0.5.4)
  - SVProgressHUD (2.1.2)
  - SVPullToRefresh (0.4.1)
  - SwiftSocket (2.0.1)
  - TPKeyboardAvoiding (1.3)
  - UIAlertController+Blocks (0.9)
  - UISidebarViewController (1.0.0)

DEPENDENCIES:
  - ActionSheetPicker-3.0
  - AFNetworking
  - Crashlytics
  - Fabric
  - FBSDKCoreKit
  - FBSDKLoginKit
  - FBSDKShareKit
  - IQKeyboardManagerSwift
  - KeychainItemWrapper
  - PopupDialog (~> 0.5)
  - SVProgressHUD
  - SVPullToRefresh
  - SwiftSocket
  - TPKeyboardAvoiding
  - UIAlertController+Blocks
  - UISidebarViewController

SPEC CHECKSUMS:
  ActionSheetPicker-3.0: d11a4c12c6aaf704b8a3f56d179198c99f3e41e6
  AFNetworking: 5e0e199f73d8626b11e79750991f5d173d1f8b67
  Bolts: a0058fa3b331c5a1e4402d534f2dae36dbff31e4
  Crashlytics: 130ab943f8c78cda7a814b434f270b2e2c8a3cba
  Fabric: caf7580c725e64db144f610ac65cd60956911dc7
  FBSDKCoreKit: 2807fe0da2ddb49a1469da6d6ff597f99912980f
  FBSDKLoginKit: 6d350cb6a22d6956e9d078885de6ee8a0ebc51b4
  FBSDKShareKit: c9438df7573b33780ac8c3451201c5ebb260ffca
  IQKeyboardManagerSwift: c04bc9f68473823f825eb44d958fce98d921bead
  KeychainItemWrapper: 67a240172ed669842bc6bc13ed554dcd50469fa2
  PopupDialog: 75cf955693590b0cb2fdde00223fb65d99c57247
  SVProgressHUD: c404a55d78acbeb7ebb78b76d3faf986475a6994
  SVPullToRefresh: ba2e718695a43253d8bea6852d2960097dc15d8c
  SwiftSocket: 2d814afdc97c89217982f86fd036c1874134a63f
  TPKeyboardAvoiding: a5138f318c06fb3e151f886e18ce4a72695d9cbe
  UIAlertController+Blocks: b48c673ff60726da468b32ab21bbc7683512d45b
  UISidebarViewController: afa8867a2201b95d49ffbb12652bb1d7a30d9683

PODFILE CHECKSUM: f84a88c4d95a4ca201e09dd8463382f551349857

COCOAPODS: 1.3.0
